
Microsoft Visual Studio Solution File, Format Version 12.00
# Visual Studio 14
VisualStudioVersion = 14.0.25420.1
MinimumVisualStudioVersion = 10.0.40219.1
Project("{8BC9CEB8-8B4A-11D0-8D11-00A0C91BC942}") = "CPPTarget", "CPPTarget\CPPTarget.vcxproj", "{A1E47CBC-659A-4AA5-90ED-3BA00F3DEABB}"
EndProject
Project("{FAE04EC0-301F-11D3-BF4B-00C04F79EFBC}") = "TestCaller", "TestCaller\TestCaller.csproj", "{7E814C01-3D3E-4EDD-AF36-A532CB5E3997}"
	ProjectSection(ProjectDependencies) = postProject
		{A1E47CBC-659A-4AA5-90ED-3BA00F3DEABB} = {A1E47CBC-659A-4AA5-90ED-3BA00F3DEABB}
	EndProjectSection
EndProject
Project("{FAE04EC0-301F-11D3-BF4B-00C04F79EFBC}") = "PInvokeLib", "PInvokeLib\PInvokeLib.csproj", "{A3224723-BC56-4FED-B26D-A8571F158721}"
	ProjectSection(ProjectDependencies) = postProject
		{A1E47CBC-659A-4AA5-90ED-3BA00F3DEABB} = {A1E47CBC-659A-4AA5-90ED-3BA00F3DEABB}
	EndProjectSection
EndProject
Global
	GlobalSection(SolutionConfigurationPlatforms) = preSolution
		Debug|Any CPU = Debug|Any CPU
		Debug|x64 = Debug|x64
		Debug|x86 = Debug|x86
		Release|Any CPU = Release|Any CPU
		Release|x64 = Release|x64
		Release|x86 = Release|x86
	EndGlobalSection
	GlobalSection(ProjectConfigurationPlatforms) = postSolution
		{A1E47CBC-659A-4AA5-90ED-3BA00F3DEABB}.Debug|Any CPU.ActiveCfg = Debug|Win32
		{A1E47CBC-659A-4AA5-90ED-3BA00F3DEABB}.Debug|x64.ActiveCfg = Debug|x64
		{A1E47CBC-659A-4AA5-90ED-3BA00F3DEABB}.Debug|x64.Build.0 = Debug|x64
		{A1E47CBC-659A-4AA5-90ED-3BA00F3DEABB}.Debug|x86.ActiveCfg = Debug|Win32
		{A1E47CBC-659A-4AA5-90ED-3BA00F3DEABB}.Debug|x86.Build.0 = Debug|Win32
		{A1E47CBC-659A-4AA5-90ED-3BA00F3DEABB}.Release|Any CPU.ActiveCfg = Release|Win32
		{A1E47CBC-659A-4AA5-90ED-3BA00F3DEABB}.Release|x64.ActiveCfg = Release|x64
		{A1E47CBC-659A-4AA5-90ED-3BA00F3DEABB}.Release|x64.Build.0 = Release|x64
		{A1E47CBC-659A-4AA5-90ED-3BA00F3DEABB}.Release|x86.ActiveCfg = Release|Win32
		{A1E47CBC-659A-4AA5-90ED-3BA00F3DEABB}.Release|x86.Build.0 = Release|Win32
		{7E814C01-3D3E-4EDD-AF36-A532CB5E3997}.Debug|Any CPU.ActiveCfg = Debug|Any CPU
		{7E814C01-3D3E-4EDD-AF36-A532CB5E3997}.Debug|Any CPU.Build.0 = Debug|Any CPU
		{7E814C01-3D3E-4EDD-AF36-A532CB5E3997}.Debug|x64.ActiveCfg = Debug|Any CPU
		{7E814C01-3D3E-4EDD-AF36-A532CB5E3997}.Debug|x64.Build.0 = Debug|Any CPU
		{7E814C01-3D3E-4EDD-AF36-A532CB5E3997}.Debug|x86.ActiveCfg = Debug|Any CPU
		{7E814C01-3D3E-4EDD-AF36-A532CB5E3997}.Debug|x86.Build.0 = Debug|Any CPU
		{7E814C01-3D3E-4EDD-AF36-A532CB5E3997}.Release|Any CPU.ActiveCfg = Release|Any CPU
		{7E814C01-3D3E-4EDD-AF36-A532CB5E3997}.Release|Any CPU.Build.0 = Release|Any CPU
		{7E814C01-3D3E-4EDD-AF36-A532CB5E3997}.Release|x64.ActiveCfg = Release|Any CPU
		{7E814C01-3D3E-4EDD-AF36-A532CB5E3997}.Release|x64.Build.0 = Release|Any CPU
		{7E814C01-3D3E-4EDD-AF36-A532CB5E3997}.Release|x86.ActiveCfg = Release|Any CPU
		{7E814C01-3D3E-4EDD-AF36-A532CB5E3997}.Release|x86.Build.0 = Release|Any CPU
		{A3224723-BC56-4FED-B26D-A8571F158721}.Debug|Any CPU.ActiveCfg = Debug|Any CPU
		{A3224723-BC56-4FED-B26D-A8571F158721}.Debug|Any CPU.Build.0 = Debug|Any CPU
		{A3224723-BC56-4FED-B26D-A8571F158721}.Debug|x64.ActiveCfg = Debug|Any CPU
		{A3224723-BC56-4FED-B26D-A8571F158721}.Debug|x64.Build.0 = Debug|Any CPU
		{A3224723-BC56-4FED-B26D-A8571F158721}.Debug|x86.ActiveCfg = Debug|Any CPU
		{A3224723-BC56-4FED-B26D-A8571F158721}.Debug|x86.Build.0 = Debug|Any CPU
		{A3224723-BC56-4FED-B26D-A8571F158721}.Release|Any CPU.ActiveCfg = Release|Any CPU
		{A3224723-BC56-4FED-B26D-A8571F158721}.Release|Any CPU.Build.0 = Release|Any CPU
		{A3224723-BC56-4FED-B26D-A8571F158721}.Release|x64.ActiveCfg = Release|Any CPU
		{A3224723-BC56-4FED-B26D-A8571F158721}.Release|x64.Build.0 = Release|Any CPU
		{A3224723-BC56-4FED-B26D-A8571F158721}.Release|x86.ActiveCfg = Release|Any CPU
		{A3224723-BC56-4FED-B26D-A8571F158721}.Release|x86.Build.0 = Release|Any CPU
	EndGlobalSection
	GlobalSection(SolutionProperties) = preSolution
		HideSolutionNode = FALSE
	EndGlobalSection
EndGlobal
